
Microsoft Visual Studio Solution File, Format Version 12.00
# Visual Studio Version 17
VisualStudioVersion = 17.5.33424.131
MinimumVisualStudioVersion = 10.0.40219.1
Project("{FAE04EC0-301F-11D3-BF4B-00C04F79EFBC}") = "TestClockClass", "TestClockClass\TestClockClass.csproj", "{F8D9502C-A744-4FBC-933C-440658C54F94}"
EndProject
Project("{FAE04EC0-301F-11D3-BF4B-00C04F79EFBC}") = "ClockClass", "ClockClass\ClockClass.csproj", "{B36A9223-ED05-42A8-AD26-912FD90AF23A}"
EndProject
Global
	GlobalSection(SolutionConfigurationPlatforms) = preSolution
		Debug|Any CPU = Debug|Any CPU
		Release|Any CPU = Release|Any CPU
	EndGlobalSection
	GlobalSection(ProjectConfigurationPlatforms) = postSolution
		{F8D9502C-A744-4FBC-933C-440658C54F94}.Debug|Any CPU.ActiveCfg = Debug|Any CPU
		{F8D9502C-A744-4FBC-933C-440658C54F94}.Debug|Any CPU.Build.0 = Debug|Any CPU
		{F8D9502C-A744-4FBC-933C-440658C54F94}.Release|Any CPU.ActiveCfg = Release|Any CPU
		{F8D9502C-A744-4FBC-933C-440658C54F94}.Release|Any CPU.Build.0 = Release|Any CPU
		{B36A9223-ED05-42A8-AD26-912FD90AF23A}.Debug|Any CPU.ActiveCfg = Debug|Any CPU
		{B36A9223-ED05-42A8-AD26-912FD90AF23A}.Debug|Any CPU.Build.0 = Debug|Any CPU
		{B36A9223-ED05-42A8-AD26-912FD90AF23A}.Release|Any CPU.ActiveCfg = Release|Any CPU
		{B36A9223-ED05-42A8-AD26-912FD90AF23A}.Release|Any CPU.Build.0 = Release|Any CPU
	EndGlobalSection
	GlobalSection(SolutionProperties) = preSolution
		HideSolutionNode = FALSE
	EndGlobalSection
	GlobalSection(ExtensibilityGlobals) = postSolution
		SolutionGuid = {CD4F5570-371D-4383-9286-B6EB06CCD9A7}
	EndGlobalSection
EndGlobal
