
Microsoft Visual Studio Solution File, Format Version 12.00
# Visual Studio Version 16
VisualStudioVersion = 25.0.1705.4
MinimumVisualStudioVersion = 10.0.40219.1
Project("{FAE04EC0-301F-11D3-BF4B-00C04F79EFBC}") = "SwinAdventure", "SwinAdventure\SwinAdventure.csproj", "{6112B720-4E49-48FF-BEA7-BCFA3B546B83}"
EndProject
Project("{FAE04EC0-301F-11D3-BF4B-00C04F79EFBC}") = "SwinAdventureTest", "TestSwinAdventure\SwinAdventureTest.csproj", "{96D48FBE-5ABB-4DD7-8F42-27D0B427B9D3}"
EndProject
Global
	GlobalSection(SolutionConfigurationPlatforms) = preSolution
		Debug|Any CPU = Debug|Any CPU
		Release|Any CPU = Release|Any CPU
	EndGlobalSection
	GlobalSection(ProjectConfigurationPlatforms) = postSolution
		{6112B720-4E49-48FF-BEA7-BCFA3B546B83}.Debug|Any CPU.ActiveCfg = Debug|Any CPU
		{6112B720-4E49-48FF-BEA7-BCFA3B546B83}.Debug|Any CPU.Build.0 = Debug|Any CPU
		{6112B720-4E49-48FF-BEA7-BCFA3B546B83}.Release|Any CPU.ActiveCfg = Release|Any CPU
		{6112B720-4E49-48FF-BEA7-BCFA3B546B83}.Release|Any CPU.Build.0 = Release|Any CPU
		{96D48FBE-5ABB-4DD7-8F42-27D0B427B9D3}.Debug|Any CPU.ActiveCfg = Debug|Any CPU
		{96D48FBE-5ABB-4DD7-8F42-27D0B427B9D3}.Debug|Any CPU.Build.0 = Debug|Any CPU
		{96D48FBE-5ABB-4DD7-8F42-27D0B427B9D3}.Release|Any CPU.ActiveCfg = Release|Any CPU
		{96D48FBE-5ABB-4DD7-8F42-27D0B427B9D3}.Release|Any CPU.Build.0 = Release|Any CPU
	EndGlobalSection
	GlobalSection(SolutionProperties) = preSolution
		HideSolutionNode = FALSE
	EndGlobalSection
	GlobalSection(ExtensibilityGlobals) = postSolution
		SolutionGuid = {253AE3AB-00D6-4384-8C29-4A6F46E0CAC6}
	EndGlobalSection
EndGlobal
